
Microsoft Visual Studio Solution File, Format Version 12.00
# Visual Studio 15
VisualStudioVersion = 15.0.27703.2035
MinimumVisualStudioVersion = 10.0.40219.1
Project("{8BC9CEB8-8B4A-11D0-8D11-00A0C91BC942}") = "AssertLab", "AssertLab\AssertLab.vcxproj", "{C31A259F-201B-4771-99CF-85B7A0BD6D96}"
EndProject
Project("{8BC9CEB8-8B4A-11D0-8D11-00A0C91BC942}") = "AssertTest", "AssertTest\AssertTest.vcxproj", "{97533AB6-2469-4B94-A4DA-108CCA279791}"
EndProject
Global
	GlobalSection(SolutionConfigurationPlatforms) = preSolution
		Debug|x64 = Debug|x64
		Debug|x86 = Debug|x86
		Release|x64 = Release|x64
		Release|x86 = Release|x86
	EndGlobalSection
	GlobalSection(ProjectConfigurationPlatforms) = postSolution
		{C31A259F-201B-4771-99CF-85B7A0BD6D96}.Debug|x64.ActiveCfg = Debug|x64
		{C31A259F-201B-4771-99CF-85B7A0BD6D96}.Debug|x64.Build.0 = Debug|x64
		{C31A259F-201B-4771-99CF-85B7A0BD6D96}.Debug|x86.ActiveCfg = Debug|Win32
		{C31A259F-201B-4771-99CF-85B7A0BD6D96}.Debug|x86.Build.0 = Debug|Win32
		{C31A259F-201B-4771-99CF-85B7A0BD6D96}.Release|x64.ActiveCfg = Release|x64
		{C31A259F-201B-4771-99CF-85B7A0BD6D96}.Release|x64.Build.0 = Release|x64
		{C31A259F-201B-4771-99CF-85B7A0BD6D96}.Release|x86.ActiveCfg = Release|Win32
		{C31A259F-201B-4771-99CF-85B7A0BD6D96}.Release|x86.Build.0 = Release|Win32
		{97533AB6-2469-4B94-A4DA-108CCA279791}.Debug|x64.ActiveCfg = Debug|x64
		{97533AB6-2469-4B94-A4DA-108CCA279791}.Debug|x64.Build.0 = Debug|x64
		{97533AB6-2469-4B94-A4DA-108CCA279791}.Debug|x86.ActiveCfg = Debug|Win32
		{97533AB6-2469-4B94-A4DA-108CCA279791}.Debug|x86.Build.0 = Debug|Win32
		{97533AB6-2469-4B94-A4DA-108CCA279791}.Release|x64.ActiveCfg = Release|x64
		{97533AB6-2469-4B94-A4DA-108CCA279791}.Release|x64.Build.0 = Release|x64
		{97533AB6-2469-4B94-A4DA-108CCA279791}.Release|x86.ActiveCfg = Release|Win32
		{97533AB6-2469-4B94-A4DA-108CCA279791}.Release|x86.Build.0 = Release|Win32
	EndGlobalSection
	GlobalSection(SolutionProperties) = preSolution
		HideSolutionNode = FALSE
	EndGlobalSection
	GlobalSection(ExtensibilityGlobals) = postSolution
		SolutionGuid = {742791CC-D1DD-4770-B36F-1415A33A097B}
	EndGlobalSection
EndGlobal
