
Microsoft Visual Studio Solution File, Format Version 12.00
# Visual Studio 15
VisualStudioVersion = 15.0.28010.2026
MinimumVisualStudioVersion = 10.0.40219.1
Project("{8BC9CEB8-8B4A-11D0-8D11-00A0C91BC942}") = "proxy_object", "proxy_object.vcxproj", "{9F032CFF-2329-4B02-8522-7F8C82D95822}"
EndProject
Global
	GlobalSection(SolutionConfigurationPlatforms) = preSolution
		Debug|x64 = Debug|x64
		Debug|x86 = Debug|x86
		Release|x64 = Release|x64
		Release|x86 = Release|x86
	EndGlobalSection
	GlobalSection(ProjectConfigurationPlatforms) = postSolution
		{9F032CFF-2329-4B02-8522-7F8C82D95822}.Debug|x64.ActiveCfg = Debug|x64
		{9F032CFF-2329-4B02-8522-7F8C82D95822}.Debug|x64.Build.0 = Debug|x64
		{9F032CFF-2329-4B02-8522-7F8C82D95822}.Debug|x86.ActiveCfg = Debug|Win32
		{9F032CFF-2329-4B02-8522-7F8C82D95822}.Debug|x86.Build.0 = Debug|Win32
		{9F032CFF-2329-4B02-8522-7F8C82D95822}.Release|x64.ActiveCfg = Release|x64
		{9F032CFF-2329-4B02-8522-7F8C82D95822}.Release|x64.Build.0 = Release|x64
		{9F032CFF-2329-4B02-8522-7F8C82D95822}.Release|x86.ActiveCfg = Release|Win32
		{9F032CFF-2329-4B02-8522-7F8C82D95822}.Release|x86.Build.0 = Release|Win32
	EndGlobalSection
	GlobalSection(SolutionProperties) = preSolution
		HideSolutionNode = FALSE
	EndGlobalSection
	GlobalSection(ExtensibilityGlobals) = postSolution
		SolutionGuid = {40EE08DC-5399-4A57-A09A-1A750E523F43}
	EndGlobalSection
EndGlobal
